
Microsoft Visual Studio Solution File, Format Version 12.00
# Visual Studio Version 17
VisualStudioVersion = 17.12.35514.174
MinimumVisualStudioVersion = 10.0.40219.1
Project("{FAE04EC0-301F-11D3-BF4B-00C04F79EFBC}") = "MiniPIM", "MiniPIM\MiniPIM.csproj", "{0960AAC5-41D6-4872-9019-F7891BA6E4F7}"
EndProject
Global
	GlobalSection(SolutionConfigurationPlatforms) = preSolution
		Debug|Any CPU = Debug|Any CPU
		Release|Any CPU = Release|Any CPU
	EndGlobalSection
	GlobalSection(ProjectConfigurationPlatforms) = postSolution
		{0960AAC5-41D6-4872-9019-F7891BA6E4F7}.Debug|Any CPU.ActiveCfg = Debug|Any CPU
		{0960AAC5-41D6-4872-9019-F7891BA6E4F7}.Debug|Any CPU.Build.0 = Debug|Any CPU
		{0960AAC5-41D6-4872-9019-F7891BA6E4F7}.Release|Any CPU.ActiveCfg = Release|Any CPU
		{0960AAC5-41D6-4872-9019-F7891BA6E4F7}.Release|Any CPU.Build.0 = Release|Any CPU
	EndGlobalSection
	GlobalSection(SolutionProperties) = preSolution
		HideSolutionNode = FALSE
	EndGlobalSection
	GlobalSection(ExtensibilityGlobals) = postSolution
		SolutionGuid = {EC513138-4307-4ED5-BE67-F4D1C4A87707}
	EndGlobalSection
EndGlobal
